
Microsoft Visual Studio Solution File, Format Version 12.00
# Visual Studio Version 16
VisualStudioVersion = 16.0.31424.327
MinimumVisualStudioVersion = 10.0.40219.1
Project("{FAE04EC0-301F-11D3-BF4B-00C04F79EFBC}") = "5_nm_1", "5_nm_1.csproj", "{C4637C54-9CA3-4BF5-B24F-E1D14B5DABC2}"
EndProject
Global
	GlobalSection(SolutionConfigurationPlatforms) = preSolution
		Debug|Any CPU = Debug|Any CPU
		Release|Any CPU = Release|Any CPU
	EndGlobalSection
	GlobalSection(ProjectConfigurationPlatforms) = postSolution
		{C4637C54-9CA3-4BF5-B24F-E1D14B5DABC2}.Debug|Any CPU.ActiveCfg = Debug|Any CPU
		{C4637C54-9CA3-4BF5-B24F-E1D14B5DABC2}.Debug|Any CPU.Build.0 = Debug|Any CPU
		{C4637C54-9CA3-4BF5-B24F-E1D14B5DABC2}.Release|Any CPU.ActiveCfg = Release|Any CPU
		{C4637C54-9CA3-4BF5-B24F-E1D14B5DABC2}.Release|Any CPU.Build.0 = Release|Any CPU
	EndGlobalSection
	GlobalSection(SolutionProperties) = preSolution
		HideSolutionNode = FALSE
	EndGlobalSection
	GlobalSection(ExtensibilityGlobals) = postSolution
		SolutionGuid = {6BA4CEB5-4911-4AFD-85E1-18D679532E76}
	EndGlobalSection
EndGlobal
